# THIS IS AN AUTOGENERATED FILE. DO NOT EDIT THIS FILE DIRECTLY.
# yarn lockfile v1


point-in-polygon@^1.1.0:
  version "1.1.0"
  resolved "https://registry.yarnpkg.com/point-in-polygon/-/point-in-polygon-1.1.0.tgz#b0af2616c01bdee341cbf2894df643387ca03357"
  integrity sha512-3ojrFwjnnw8Q9242TzgXuTD+eKiutbzyslcq1ydfu82Db2y+Ogbmyrkpv0Hgj31qwT3lbS9+QAAO/pIQM35XRw==
